
Microsoft Visual Studio Solution File, Format Version 12.00
# Visual Studio Version 17
VisualStudioVersion = 17.3.32929.385
MinimumVisualStudioVersion = 10.0.40219.1
Project("{9A19103F-16F7-4668-BE54-9A1E7A4F7556}") = "WpfGenericHost", "WpfGenericHost\WpfGenericHost.csproj", "{B94D2F1B-875C-4010-9581-8F2B61957C89}"
EndProject
Project("{FAE04EC0-301F-11D3-BF4B-00C04F79EFBC}") = "WpfCommunityToolkit", "WpfCommunityToolkit\WpfCommunityToolkit.csproj", "{1325BCA1-D1B0-46E3-ABE1-B02B5A8FD446}"
EndProject
Global
	GlobalSection(SolutionConfigurationPlatforms) = preSolution
		Debug|Any CPU = Debug|Any CPU
		Release|Any CPU = Release|Any CPU
	EndGlobalSection
	GlobalSection(ProjectConfigurationPlatforms) = postSolution
		{B94D2F1B-875C-4010-9581-8F2B61957C89}.Debug|Any CPU.ActiveCfg = Debug|Any CPU
		{B94D2F1B-875C-4010-9581-8F2B61957C89}.Debug|Any CPU.Build.0 = Debug|Any CPU
		{B94D2F1B-875C-4010-9581-8F2B61957C89}.Release|Any CPU.ActiveCfg = Release|Any CPU
		{B94D2F1B-875C-4010-9581-8F2B61957C89}.Release|Any CPU.Build.0 = Release|Any CPU
		{1325BCA1-D1B0-46E3-ABE1-B02B5A8FD446}.Debug|Any CPU.ActiveCfg = Debug|Any CPU
		{1325BCA1-D1B0-46E3-ABE1-B02B5A8FD446}.Debug|Any CPU.Build.0 = Debug|Any CPU
		{1325BCA1-D1B0-46E3-ABE1-B02B5A8FD446}.Release|Any CPU.ActiveCfg = Release|Any CPU
		{1325BCA1-D1B0-46E3-ABE1-B02B5A8FD446}.Release|Any CPU.Build.0 = Release|Any CPU
	EndGlobalSection
	GlobalSection(SolutionProperties) = preSolution
		HideSolutionNode = FALSE
	EndGlobalSection
	GlobalSection(ExtensibilityGlobals) = postSolution
		SolutionGuid = {10E80789-ECCB-42AB-9072-63FA6B8DE3AA}
	EndGlobalSection
EndGlobal
